
Microsoft Visual Studio Solution File, Format Version 12.00
# Visual Studio Version 17
VisualStudioVersion = 17.9.34728.123
MinimumVisualStudioVersion = 10.0.40219.1
Project("{2150E333-8FDC-42A3-9474-1A3956D46DE8}") = "Çözüm Öğeleri", "Çözüm Öğeleri", "{AF030886-9AE3-4CF0-8A0D-A26A6D2379BE}"
	ProjectSection(SolutionItems) = preProject
		HTMLbaslik.html = HTMLbaslik.html
		HTMLformatlar.html = HTMLformatlar.html
		HTMLlink.html = HTMLlink.html
		HTMLlisteler.html = HTMLlisteler.html
		HTMLresimEkle.html = HTMLresimEkle.html
		HTMLtablo.html = HTMLtablo.html
		HTMLyap.html = HTMLyap.html
		HTMLıframe.html = HTMLıframe.html
		HTMparagraf.html = HTMparagraf.html
	EndProjectSection
EndProject
Global
	GlobalSection(SolutionProperties) = preSolution
		HideSolutionNode = FALSE
	EndGlobalSection
	GlobalSection(ExtensibilityGlobals) = postSolution
		SolutionGuid = {5EFDEBDA-B431-4F0E-965E-2A6893F95C74}
	EndGlobalSection
EndGlobal
